{
  "name": "tmp_benchmark",
  "lockfileVersion": 3,
  "requires": true,
  "packages": {
    "": {
      "dependencies": {
        "mahjong-tile-efficiency": "^1.0.3",
        "syanten": "^1.6.0"
      }
    },
    "node_modules/mahjong-tile-efficiency": {
      "version": "1.0.3",
      "resolved": "https://registry.npmjs.org/mahjong-tile-efficiency/-/mahjong-tile-efficiency-1.0.3.tgz",
      "integrity": "sha512-h4AEzJuWGUYbBh5z3V64Zz5wlpXVO96JkmgQ/q5vibZALSvrqh8zc5SKCdF5OMz5HjDI07IfUqlfkmFmJKHwXQ==",
      "license": "MIT"
    },
    "node_modules/syanten": {
      "version": "1.6.0",
      "resolved": "https://registry.npmjs.org/syanten/-/syanten-1.6.0.tgz",
      "integrity": "sha512-XUqLs0KSvxzu6oX9kpw8do4KyhmAeNgMq9qm3RD7UmCPp7DljViRC2m38rkNqPsCGAXz/+rEQCzj4XHcL1Lu0Q==",
      "license": "MIT"
    }
  }
}
